
Microsoft Visual Studio Solution File, Format Version 12.00
# Visual Studio Version 17
VisualStudioVersion = 17.4.33122.133
MinimumVisualStudioVersion = 10.0.40219.1
Project("{FAE04EC0-301F-11D3-BF4B-00C04F79EFBC}") = "matris4", "matris4\matris4.csproj", "{BEDDE5B7-548F-443A-ADAB-54746E81DB93}"
EndProject
Global
	GlobalSection(SolutionConfigurationPlatforms) = preSolution
		Debug|Any CPU = Debug|Any CPU
		Release|Any CPU = Release|Any CPU
	EndGlobalSection
	GlobalSection(ProjectConfigurationPlatforms) = postSolution
		{BEDDE5B7-548F-443A-ADAB-54746E81DB93}.Debug|Any CPU.ActiveCfg = Debug|Any CPU
		{BEDDE5B7-548F-443A-ADAB-54746E81DB93}.Debug|Any CPU.Build.0 = Debug|Any CPU
		{BEDDE5B7-548F-443A-ADAB-54746E81DB93}.Release|Any CPU.ActiveCfg = Release|Any CPU
		{BEDDE5B7-548F-443A-ADAB-54746E81DB93}.Release|Any CPU.Build.0 = Release|Any CPU
	EndGlobalSection
	GlobalSection(SolutionProperties) = preSolution
		HideSolutionNode = FALSE
	EndGlobalSection
	GlobalSection(ExtensibilityGlobals) = postSolution
		SolutionGuid = {CE0BFE21-9AFC-4657-BDE3-BAC0F060FCBC}
	EndGlobalSection
EndGlobal
