
Microsoft Visual Studio Solution File, Format Version 12.00
# Visual Studio Version 17
VisualStudioVersion = 17.4.33122.133
MinimumVisualStudioVersion = 10.0.40219.1
Project("{FAE04EC0-301F-11D3-BF4B-00C04F79EFBC}") = "matris2", "matris2\matris2.csproj", "{99523704-C2EF-447C-9F62-01C7AB1DAF3D}"
EndProject
Global
	GlobalSection(SolutionConfigurationPlatforms) = preSolution
		Debug|Any CPU = Debug|Any CPU
		Release|Any CPU = Release|Any CPU
	EndGlobalSection
	GlobalSection(ProjectConfigurationPlatforms) = postSolution
		{99523704-C2EF-447C-9F62-01C7AB1DAF3D}.Debug|Any CPU.ActiveCfg = Debug|Any CPU
		{99523704-C2EF-447C-9F62-01C7AB1DAF3D}.Debug|Any CPU.Build.0 = Debug|Any CPU
		{99523704-C2EF-447C-9F62-01C7AB1DAF3D}.Release|Any CPU.ActiveCfg = Release|Any CPU
		{99523704-C2EF-447C-9F62-01C7AB1DAF3D}.Release|Any CPU.Build.0 = Release|Any CPU
	EndGlobalSection
	GlobalSection(SolutionProperties) = preSolution
		HideSolutionNode = FALSE
	EndGlobalSection
	GlobalSection(ExtensibilityGlobals) = postSolution
		SolutionGuid = {374A852B-1BBF-4BEB-8157-FABD6E1371A2}
	EndGlobalSection
EndGlobal
