
Microsoft Visual Studio Solution File, Format Version 12.00
# Visual Studio Version 17
VisualStudioVersion = 17.4.33122.133
MinimumVisualStudioVersion = 10.0.40219.1
Project("{FAE04EC0-301F-11D3-BF4B-00C04F79EFBC}") = "ders2", "ders2\ders2.csproj", "{AE628151-558F-4D52-B153-0FE8FF7E8FCB}"
EndProject
Global
	GlobalSection(SolutionConfigurationPlatforms) = preSolution
		Debug|Any CPU = Debug|Any CPU
		Release|Any CPU = Release|Any CPU
	EndGlobalSection
	GlobalSection(ProjectConfigurationPlatforms) = postSolution
		{AE628151-558F-4D52-B153-0FE8FF7E8FCB}.Debug|Any CPU.ActiveCfg = Debug|Any CPU
		{AE628151-558F-4D52-B153-0FE8FF7E8FCB}.Debug|Any CPU.Build.0 = Debug|Any CPU
		{AE628151-558F-4D52-B153-0FE8FF7E8FCB}.Release|Any CPU.ActiveCfg = Release|Any CPU
		{AE628151-558F-4D52-B153-0FE8FF7E8FCB}.Release|Any CPU.Build.0 = Release|Any CPU
	EndGlobalSection
	GlobalSection(SolutionProperties) = preSolution
		HideSolutionNode = FALSE
	EndGlobalSection
	GlobalSection(ExtensibilityGlobals) = postSolution
		SolutionGuid = {A6195676-5A3A-4CDA-889A-8D1C73DBE402}
	EndGlobalSection
EndGlobal
